
Microsoft Visual Studio Solution File, Format Version 12.00
# Visual Studio Version 16
VisualStudioVersion = 16.0.29020.237
MinimumVisualStudioVersion = 10.0.40219.1
Project("{FAE04EC0-301F-11D3-BF4B-00C04F79EFBC}") = "Cs.Itself.Structures", "Cs.Itself.Structures\Cs.Itself.Structures.csproj", "{A96EAEA9-ACA4-4EDA-8638-7C89F9FE1157}"
EndProject
Global
	GlobalSection(SolutionConfigurationPlatforms) = preSolution
		Debug|Any CPU = Debug|Any CPU
		Release|Any CPU = Release|Any CPU
	EndGlobalSection
	GlobalSection(ProjectConfigurationPlatforms) = postSolution
		{A96EAEA9-ACA4-4EDA-8638-7C89F9FE1157}.Debug|Any CPU.ActiveCfg = Debug|Any CPU
		{A96EAEA9-ACA4-4EDA-8638-7C89F9FE1157}.Debug|Any CPU.Build.0 = Debug|Any CPU
		{A96EAEA9-ACA4-4EDA-8638-7C89F9FE1157}.Release|Any CPU.ActiveCfg = Release|Any CPU
		{A96EAEA9-ACA4-4EDA-8638-7C89F9FE1157}.Release|Any CPU.Build.0 = Release|Any CPU
	EndGlobalSection
	GlobalSection(SolutionProperties) = preSolution
		HideSolutionNode = FALSE
	EndGlobalSection
	GlobalSection(ExtensibilityGlobals) = postSolution
		SolutionGuid = {02D8DC22-145A-4EF2-9159-55F03AAF26A0}
	EndGlobalSection
EndGlobal
